
Microsoft Visual Studio Solution File, Format Version 12.00
# Visual Studio Version 17
VisualStudioVersion = 17.9.34902.65
MinimumVisualStudioVersion = 10.0.40219.1
Project("{FAE04EC0-301F-11D3-BF4B-00C04F79EFBC}") = "WebPortal", "WebPortal\WebPortal.csproj", "{88655327-0546-43F9-B550-0781625D17AC}"
EndProject
Project("{FAE04EC0-301F-11D3-BF4B-00C04F79EFBC}") = "DevicesMinimalApi", "DevicesMinimalApi\DevicesMinimalApi.csproj", "{69B344C2-8454-4B7A-8C6E-A9CBE7CB0DC6}"
EndProject
Project("{FAE04EC0-301F-11D3-BF4B-00C04F79EFBC}") = "WebPortalTest.E2E", "WebPortalTest.E2E\WebPortalTest.E2E.csproj", "{30DA47DD-BD79-4566-8FC6-71356400DCE6}"
EndProject
Global
	GlobalSection(SolutionConfigurationPlatforms) = preSolution
		Debug|Any CPU = Debug|Any CPU
		Release|Any CPU = Release|Any CPU
	EndGlobalSection
	GlobalSection(ProjectConfigurationPlatforms) = postSolution
		{88655327-0546-43F9-B550-0781625D17AC}.Debug|Any CPU.ActiveCfg = Debug|Any CPU
		{88655327-0546-43F9-B550-0781625D17AC}.Debug|Any CPU.Build.0 = Debug|Any CPU
		{88655327-0546-43F9-B550-0781625D17AC}.Release|Any CPU.ActiveCfg = Release|Any CPU
		{88655327-0546-43F9-B550-0781625D17AC}.Release|Any CPU.Build.0 = Release|Any CPU
		{69B344C2-8454-4B7A-8C6E-A9CBE7CB0DC6}.Debug|Any CPU.ActiveCfg = Debug|Any CPU
		{69B344C2-8454-4B7A-8C6E-A9CBE7CB0DC6}.Debug|Any CPU.Build.0 = Debug|Any CPU
		{69B344C2-8454-4B7A-8C6E-A9CBE7CB0DC6}.Release|Any CPU.ActiveCfg = Release|Any CPU
		{69B344C2-8454-4B7A-8C6E-A9CBE7CB0DC6}.Release|Any CPU.Build.0 = Release|Any CPU
		{30DA47DD-BD79-4566-8FC6-71356400DCE6}.Debug|Any CPU.ActiveCfg = Debug|Any CPU
		{30DA47DD-BD79-4566-8FC6-71356400DCE6}.Debug|Any CPU.Build.0 = Debug|Any CPU
		{30DA47DD-BD79-4566-8FC6-71356400DCE6}.Release|Any CPU.ActiveCfg = Release|Any CPU
		{30DA47DD-BD79-4566-8FC6-71356400DCE6}.Release|Any CPU.Build.0 = Release|Any CPU
	EndGlobalSection
	GlobalSection(SolutionProperties) = preSolution
		HideSolutionNode = FALSE
	EndGlobalSection
	GlobalSection(ExtensibilityGlobals) = postSolution
		SolutionGuid = {0B064C9E-4B36-44CE-A117-32192D9CB388}
	EndGlobalSection
EndGlobal
